
Microsoft Visual Studio Solution File, Format Version 12.00
# Visual Studio Version 16
VisualStudioVersion = 16.0.809.7
MinimumVisualStudioVersion = 10.0.40219.1
Project("{FAE04EC0-301F-11D3-BF4B-00C04F79EFBC}") = "TestAdd", "TestAdd\TestAdd.csproj", "{FE26C4E1-1BEA-4F61-80F5-CA747BD6E792}"
EndProject
Global
	GlobalSection(SolutionConfigurationPlatforms) = preSolution
		Debug|Any CPU = Debug|Any CPU
		Release|Any CPU = Release|Any CPU
	EndGlobalSection
	GlobalSection(ProjectConfigurationPlatforms) = postSolution
		{FE26C4E1-1BEA-4F61-80F5-CA747BD6E792}.Debug|Any CPU.ActiveCfg = Debug|Any CPU
		{FE26C4E1-1BEA-4F61-80F5-CA747BD6E792}.Debug|Any CPU.Build.0 = Debug|Any CPU
		{FE26C4E1-1BEA-4F61-80F5-CA747BD6E792}.Release|Any CPU.ActiveCfg = Release|Any CPU
		{FE26C4E1-1BEA-4F61-80F5-CA747BD6E792}.Release|Any CPU.Build.0 = Release|Any CPU
	EndGlobalSection
	GlobalSection(SolutionProperties) = preSolution
		HideSolutionNode = FALSE
	EndGlobalSection
	GlobalSection(ExtensibilityGlobals) = postSolution
		SolutionGuid = {86F20249-5426-43BA-90ED-CAAAE9C839D3}
	EndGlobalSection
EndGlobal
